
Microsoft Visual Studio Solution File, Format Version 12.00
# Visual Studio Version 17
VisualStudioVersion = 17.14.36015.10 d17.14
MinimumVisualStudioVersion = 10.0.40219.1
Project("{FAE04EC0-301F-11D3-BF4B-00C04F79EFBC}") = "DevTools", "DevTools\DevTools.csproj", "{76B714A0-B48D-41B4-8FBC-F18F398B87D3}"
EndProject
Project("{FAE04EC0-301F-11D3-BF4B-00C04F79EFBC}") = "DevTools.CodeGenerator", "DevTools.CodeGenerator\DevTools.CodeGenerator.csproj", "{36942900-2169-4FB1-AE92-381A183B5DC2}"
EndProject
Project("{FAE04EC0-301F-11D3-BF4B-00C04F79EFBC}") = "DevTools.Utils", "DevTools.Utils\DevTools.Utils.csproj", "{B5252F58-365A-4CAF-9C19-18E424CCA20C}"
EndProject
Global
	GlobalSection(SolutionConfigurationPlatforms) = preSolution
		Debug|Any CPU = Debug|Any CPU
		Release|Any CPU = Release|Any CPU
	EndGlobalSection
	GlobalSection(ProjectConfigurationPlatforms) = postSolution
		{76B714A0-B48D-41B4-8FBC-F18F398B87D3}.Debug|Any CPU.ActiveCfg = Debug|Any CPU
		{76B714A0-B48D-41B4-8FBC-F18F398B87D3}.Debug|Any CPU.Build.0 = Debug|Any CPU
		{76B714A0-B48D-41B4-8FBC-F18F398B87D3}.Release|Any CPU.ActiveCfg = Release|Any CPU
		{76B714A0-B48D-41B4-8FBC-F18F398B87D3}.Release|Any CPU.Build.0 = Release|Any CPU
		{36942900-2169-4FB1-AE92-381A183B5DC2}.Debug|Any CPU.ActiveCfg = Debug|Any CPU
		{36942900-2169-4FB1-AE92-381A183B5DC2}.Debug|Any CPU.Build.0 = Debug|Any CPU
		{36942900-2169-4FB1-AE92-381A183B5DC2}.Release|Any CPU.ActiveCfg = Release|Any CPU
		{36942900-2169-4FB1-AE92-381A183B5DC2}.Release|Any CPU.Build.0 = Release|Any CPU
		{B5252F58-365A-4CAF-9C19-18E424CCA20C}.Debug|Any CPU.ActiveCfg = Debug|Any CPU
		{B5252F58-365A-4CAF-9C19-18E424CCA20C}.Debug|Any CPU.Build.0 = Debug|Any CPU
		{B5252F58-365A-4CAF-9C19-18E424CCA20C}.Release|Any CPU.ActiveCfg = Release|Any CPU
		{B5252F58-365A-4CAF-9C19-18E424CCA20C}.Release|Any CPU.Build.0 = Release|Any CPU
	EndGlobalSection
	GlobalSection(SolutionProperties) = preSolution
		HideSolutionNode = FALSE
	EndGlobalSection
	GlobalSection(ExtensibilityGlobals) = postSolution
		SolutionGuid = {00380CCF-816D-4CBF-B1CB-3888CFA5B6E5}
	EndGlobalSection
EndGlobal
